
Microsoft Visual Studio Solution File, Format Version 12.00
# Visual Studio Version 17
VisualStudioVersion = 17.9.34728.123
MinimumVisualStudioVersion = 10.0.40219.1
Project("{FAE04EC0-301F-11D3-BF4B-00C04F79EFBC}") = "Prediksi_Regresi_Linear", "Prediksi_Regresi_Linear\Prediksi_Regresi_Linear.csproj", "{7BFD66B3-4CEF-43B8-B416-B0F97CBC09DF}"
EndProject
Global
	GlobalSection(SolutionConfigurationPlatforms) = preSolution
		Debug|Any CPU = Debug|Any CPU
		Release|Any CPU = Release|Any CPU
	EndGlobalSection
	GlobalSection(ProjectConfigurationPlatforms) = postSolution
		{7BFD66B3-4CEF-43B8-B416-B0F97CBC09DF}.Debug|Any CPU.ActiveCfg = Debug|Any CPU
		{7BFD66B3-4CEF-43B8-B416-B0F97CBC09DF}.Debug|Any CPU.Build.0 = Debug|Any CPU
		{7BFD66B3-4CEF-43B8-B416-B0F97CBC09DF}.Release|Any CPU.ActiveCfg = Release|Any CPU
		{7BFD66B3-4CEF-43B8-B416-B0F97CBC09DF}.Release|Any CPU.Build.0 = Release|Any CPU
	EndGlobalSection
	GlobalSection(SolutionProperties) = preSolution
		HideSolutionNode = FALSE
	EndGlobalSection
	GlobalSection(ExtensibilityGlobals) = postSolution
		SolutionGuid = {54C2C17F-F46C-4163-9315-73F68E7E6CDE}
	EndGlobalSection
EndGlobal
